
Microsoft Visual Studio Solution File, Format Version 12.00
# Visual Studio 2013
VisualStudioVersion = 12.0.21005.1
MinimumVisualStudioVersion = 10.0.40219.1
Project("{8BC9CEB8-8B4A-11D0-8D11-00A0C91BC942}") = "GraphicsEngineRaster", "GraphicsEngineRaster\GraphicsEngineRaster.vcxproj", "{593438BA-D952-4A17-AD30-7C261AB425EC}"
	ProjectSection(ProjectDependencies) = postProject
		{0444E71E-FDC6-4511-B395-6946993BBB5F} = {0444E71E-FDC6-4511-B395-6946993BBB5F}
	EndProjectSection
EndProject
Project("{8BC9CEB8-8B4A-11D0-8D11-00A0C91BC942}") = "GraphicsApiD3D11", "GraphicsApiD3D11\GraphicsApiD3D11.vcxproj", "{6EDD9407-84D4-42FA-A763-6A3F11C1AFF6}"
	ProjectSection(ProjectDependencies) = postProject
		{0444E71E-FDC6-4511-B395-6946993BBB5F} = {0444E71E-FDC6-4511-B395-6946993BBB5F}
	EndProjectSection
EndProject
Project("{8BC9CEB8-8B4A-11D0-8D11-00A0C91BC942}") = "GraphicsApiGL", "GraphicsApiGL\GraphicsApiGL.vcxproj", "{884FE606-070E-48D2-A0A8-98B5536F432A}"
	ProjectSection(ProjectDependencies) = postProject
		{0444E71E-FDC6-4511-B395-6946993BBB5F} = {0444E71E-FDC6-4511-B395-6946993BBB5F}
	EndProjectSection
EndProject
Project("{8BC9CEB8-8B4A-11D0-8D11-00A0C91BC942}") = "TechDemo", "TechDemo\TechDemo.vcxproj", "{4E32D6FD-0510-4A22-921C-ED41F2B5F394}"
	ProjectSection(ProjectDependencies) = postProject
		{884FE606-070E-48D2-A0A8-98B5536F432A} = {884FE606-070E-48D2-A0A8-98B5536F432A}
		{6EDD9407-84D4-42FA-A763-6A3F11C1AFF6} = {6EDD9407-84D4-42FA-A763-6A3F11C1AFF6}
		{0444E71E-FDC6-4511-B395-6946993BBB5F} = {0444E71E-FDC6-4511-B395-6946993BBB5F}
		{8509E120-D7A0-48AA-9413-19CDB14F9558} = {8509E120-D7A0-48AA-9413-19CDB14F9558}
		{4D619C71-CBC4-417F-86F9-1B4D70F8CAC9} = {4D619C71-CBC4-417F-86F9-1B4D70F8CAC9}
		{593438BA-D952-4A17-AD30-7C261AB425EC} = {593438BA-D952-4A17-AD30-7C261AB425EC}
	EndProjectSection
EndProject
Project("{8BC9CEB8-8B4A-11D0-8D11-00A0C91BC942}") = "CommonWin32", "CommonOS\CommonWin32.vcxproj", "{4D619C71-CBC4-417F-86F9-1B4D70F8CAC9}"
EndProject
Project("{8BC9CEB8-8B4A-11D0-8D11-00A0C91BC942}") = "Core", "Core\Core.vcxproj", "{0444E71E-FDC6-4511-B395-6946993BBB5F}"
	ProjectSection(ProjectDependencies) = postProject
		{4D619C71-CBC4-417F-86F9-1B4D70F8CAC9} = {4D619C71-CBC4-417F-86F9-1B4D70F8CAC9}
	EndProjectSection
EndProject
Project("{8BC9CEB8-8B4A-11D0-8D11-00A0C91BC942}") = "PhysicsEngineBullet", "PhysicsEngineBullet\PhysicsEngineBullet.vcxproj", "{8509E120-D7A0-48AA-9413-19CDB14F9558}"
	ProjectSection(ProjectDependencies) = postProject
		{0444E71E-FDC6-4511-B395-6946993BBB5F} = {0444E71E-FDC6-4511-B395-6946993BBB5F}
	EndProjectSection
EndProject
Project("{8BC9CEB8-8B4A-11D0-8D11-00A0C91BC942}") = "HagymaBox", "HagymaBox\HagymaBox.vcxproj", "{095B0C46-8299-47E1-9334-574F6CCDCE95}"
	ProjectSection(ProjectDependencies) = postProject
		{884FE606-070E-48D2-A0A8-98B5536F432A} = {884FE606-070E-48D2-A0A8-98B5536F432A}
		{6EDD9407-84D4-42FA-A763-6A3F11C1AFF6} = {6EDD9407-84D4-42FA-A763-6A3F11C1AFF6}
		{0444E71E-FDC6-4511-B395-6946993BBB5F} = {0444E71E-FDC6-4511-B395-6946993BBB5F}
		{8509E120-D7A0-48AA-9413-19CDB14F9558} = {8509E120-D7A0-48AA-9413-19CDB14F9558}
		{7AED32B4-90C6-4822-9385-E6EA75DCE59E} = {7AED32B4-90C6-4822-9385-E6EA75DCE59E}
		{593438BA-D952-4A17-AD30-7C261AB425EC} = {593438BA-D952-4A17-AD30-7C261AB425EC}
	EndProjectSection
EndProject
Project("{8BC9CEB8-8B4A-11D0-8D11-00A0C91BC942}") = "SoundEngineFMOD", "SoundEngineFMOD\SoundEngineFMOD.vcxproj", "{7AED32B4-90C6-4822-9385-E6EA75DCE59E}"
	ProjectSection(ProjectDependencies) = postProject
		{0444E71E-FDC6-4511-B395-6946993BBB5F} = {0444E71E-FDC6-4511-B395-6946993BBB5F}
	EndProjectSection
EndProject
Global
	GlobalSection(SolutionConfigurationPlatforms) = preSolution
		Debug|Win32 = Debug|Win32
		Release|Win32 = Release|Win32
	EndGlobalSection
	GlobalSection(ProjectConfigurationPlatforms) = postSolution
		{593438BA-D952-4A17-AD30-7C261AB425EC}.Debug|Win32.ActiveCfg = Debug|Win32
		{593438BA-D952-4A17-AD30-7C261AB425EC}.Debug|Win32.Build.0 = Debug|Win32
		{593438BA-D952-4A17-AD30-7C261AB425EC}.Release|Win32.ActiveCfg = Release|Win32
		{593438BA-D952-4A17-AD30-7C261AB425EC}.Release|Win32.Build.0 = Release|Win32
		{6EDD9407-84D4-42FA-A763-6A3F11C1AFF6}.Debug|Win32.ActiveCfg = Debug|Win32
		{6EDD9407-84D4-42FA-A763-6A3F11C1AFF6}.Debug|Win32.Build.0 = Debug|Win32
		{6EDD9407-84D4-42FA-A763-6A3F11C1AFF6}.Release|Win32.ActiveCfg = Release|Win32
		{6EDD9407-84D4-42FA-A763-6A3F11C1AFF6}.Release|Win32.Build.0 = Release|Win32
		{884FE606-070E-48D2-A0A8-98B5536F432A}.Debug|Win32.ActiveCfg = Debug|Win32
		{884FE606-070E-48D2-A0A8-98B5536F432A}.Debug|Win32.Build.0 = Debug|Win32
		{884FE606-070E-48D2-A0A8-98B5536F432A}.Release|Win32.ActiveCfg = Release|Win32
		{884FE606-070E-48D2-A0A8-98B5536F432A}.Release|Win32.Build.0 = Release|Win32
		{4E32D6FD-0510-4A22-921C-ED41F2B5F394}.Debug|Win32.ActiveCfg = Debug|Win32
		{4E32D6FD-0510-4A22-921C-ED41F2B5F394}.Debug|Win32.Build.0 = Debug|Win32
		{4E32D6FD-0510-4A22-921C-ED41F2B5F394}.Release|Win32.ActiveCfg = Release|Win32
		{4E32D6FD-0510-4A22-921C-ED41F2B5F394}.Release|Win32.Build.0 = Release|Win32
		{4D619C71-CBC4-417F-86F9-1B4D70F8CAC9}.Debug|Win32.ActiveCfg = Debug|Win32
		{4D619C71-CBC4-417F-86F9-1B4D70F8CAC9}.Debug|Win32.Build.0 = Debug|Win32
		{4D619C71-CBC4-417F-86F9-1B4D70F8CAC9}.Release|Win32.ActiveCfg = Release|Win32
		{4D619C71-CBC4-417F-86F9-1B4D70F8CAC9}.Release|Win32.Build.0 = Release|Win32
		{0444E71E-FDC6-4511-B395-6946993BBB5F}.Debug|Win32.ActiveCfg = Debug|Win32
		{0444E71E-FDC6-4511-B395-6946993BBB5F}.Debug|Win32.Build.0 = Debug|Win32
		{0444E71E-FDC6-4511-B395-6946993BBB5F}.Release|Win32.ActiveCfg = Release|Win32
		{0444E71E-FDC6-4511-B395-6946993BBB5F}.Release|Win32.Build.0 = Release|Win32
		{8509E120-D7A0-48AA-9413-19CDB14F9558}.Debug|Win32.ActiveCfg = Debug|Win32
		{8509E120-D7A0-48AA-9413-19CDB14F9558}.Debug|Win32.Build.0 = Debug|Win32
		{8509E120-D7A0-48AA-9413-19CDB14F9558}.Release|Win32.ActiveCfg = Release|Win32
		{8509E120-D7A0-48AA-9413-19CDB14F9558}.Release|Win32.Build.0 = Release|Win32
		{095B0C46-8299-47E1-9334-574F6CCDCE95}.Debug|Win32.ActiveCfg = Debug|Win32
		{095B0C46-8299-47E1-9334-574F6CCDCE95}.Debug|Win32.Build.0 = Debug|Win32
		{095B0C46-8299-47E1-9334-574F6CCDCE95}.Release|Win32.ActiveCfg = Release|Win32
		{095B0C46-8299-47E1-9334-574F6CCDCE95}.Release|Win32.Build.0 = Release|Win32
		{7AED32B4-90C6-4822-9385-E6EA75DCE59E}.Debug|Win32.ActiveCfg = Debug|Win32
		{7AED32B4-90C6-4822-9385-E6EA75DCE59E}.Debug|Win32.Build.0 = Debug|Win32
		{7AED32B4-90C6-4822-9385-E6EA75DCE59E}.Release|Win32.ActiveCfg = Release|Win32
		{7AED32B4-90C6-4822-9385-E6EA75DCE59E}.Release|Win32.Build.0 = Release|Win32
	EndGlobalSection
	GlobalSection(SolutionProperties) = preSolution
		HideSolutionNode = FALSE
	EndGlobalSection
EndGlobal
