<?xml version="1.0" encoding="utf-8"?>
<Project ToolsVersion="4.0" xmlns="http://schemas.microsoft.com/developer/msbuild/2003">
  <ItemGroup>
    <Filter Include="Interfaces">
      <UniqueIdentifier>{93995380-89BD-4b04-88EB-625FBE52EBFB}</UniqueIdentifier>
      <Extensions>h;hpp;hxx;hm;inl;inc;xsd</Extensions>
    </Filter>
    <Filter Include="Common Stuff">
      <UniqueIdentifier>{67DA6AB6-F800-4c08-8B7A-83BB121AAD01}</UniqueIdentifier>
      <Extensions>rc;ico;cur;bmp;dlg;rc2;rct;bin;rgs;gif;jpg;jpeg;jpe;resx;tiff;tif;png;wav;mfcribbon-ms</Extensions>
    </Filter>
  </ItemGroup>
  <ItemGroup>
    <ClInclude Include="src\Entity.h">
      <Filter>Common Stuff</Filter>
    </ClInclude>
    <ClInclude Include="src\Exception.h">
      <Filter>Common Stuff</Filter>
    </ClInclude>
    <ClInclude Include="src\Node.h">
      <Filter>Common Stuff</Filter>
    </ClInclude>
    <ClInclude Include="src\IGraphicsApi.h">
      <Filter>Interfaces</Filter>
    </ClInclude>
    <ClInclude Include="src\IGraphicsEngine.h">
      <Filter>Interfaces</Filter>
    </ClInclude>
    <ClInclude Include="src\IIndexBuffer.h">
      <Filter>Interfaces</Filter>
    </ClInclude>
    <ClInclude Include="src\IManagerScene.h">
      <Filter>Interfaces</Filter>
    </ClInclude>
    <ClInclude Include="src\IRenderer.h">
      <Filter>Interfaces</Filter>
    </ClInclude>
    <ClInclude Include="src\ITexture.h">
      <Filter>Interfaces</Filter>
    </ClInclude>
    <ClInclude Include="src\IVertexBuffer.h">
      <Filter>Interfaces</Filter>
    </ClInclude>
    <ClInclude Include="src\IWindow.h">
      <Filter>Interfaces</Filter>
    </ClInclude>
    <ClInclude Include="src\BufferCommon.h">
      <Filter>Common Stuff</Filter>
    </ClInclude>
  </ItemGroup>
  <ItemGroup>
    <ClCompile Include="src\Entity.cpp">
      <Filter>Common Stuff</Filter>
    </ClCompile>
    <ClCompile Include="src\Exception.cpp">
      <Filter>Common Stuff</Filter>
    </ClCompile>
  </ItemGroup>
</Project>