<?xml version="1.0" encoding="utf-8"?>
<Project ToolsVersion="4.0" xmlns="http://schemas.microsoft.com/developer/msbuild/2003">
  <ItemGroup>
    <Filter Include="DllMain">
      <UniqueIdentifier>{9a6dec54-de8c-47d6-b89a-a8f08db756c8}</UniqueIdentifier>
    </Filter>
    <Filter Include="SceneManager">
      <UniqueIdentifier>{cf118672-aa65-42ef-86b2-58177e361283}</UniqueIdentifier>
    </Filter>
    <Filter Include="ResourceManager">
      <UniqueIdentifier>{11591b19-679d-4fc1-b926-92f647934afd}</UniqueIdentifier>
    </Filter>
  </ItemGroup>
  <ItemGroup>
    <ClCompile Include="src\DllMain.cpp">
      <Filter>DllMain</Filter>
    </ClCompile>
    <ClCompile Include="src\SceneManager.cpp">
      <Filter>SceneManager</Filter>
    </ClCompile>
    <ClCompile Include="src\Entity.cpp">
      <Filter>SceneManager</Filter>
    </ClCompile>
    <ClCompile Include="src\InstanceGroup.cpp">
      <Filter>SceneManager</Filter>
    </ClCompile>
    <ClCompile Include="src\ResourceManager.cpp">
      <Filter>ResourceManager</Filter>
    </ClCompile>
    <ClCompile Include="src\Geometry.cpp">
      <Filter>ResourceManager</Filter>
    </ClCompile>
    <ClCompile Include="src\Material.cpp">
      <Filter>ResourceManager</Filter>
    </ClCompile>
  </ItemGroup>
  <ItemGroup>
    <ClInclude Include="src\SceneManager.h">
      <Filter>SceneManager</Filter>
    </ClInclude>
    <ClInclude Include="src\Entity.h">
      <Filter>SceneManager</Filter>
    </ClInclude>
    <ClInclude Include="src\InstanceGroup.h">
      <Filter>SceneManager</Filter>
    </ClInclude>
    <ClInclude Include="src\ResourceManager.h">
      <Filter>ResourceManager</Filter>
    </ClInclude>
    <ClInclude Include="src\Geometry.h">
      <Filter>ResourceManager</Filter>
    </ClInclude>
    <ClInclude Include="src\Material.h">
      <Filter>ResourceManager</Filter>
    </ClInclude>
  </ItemGroup>
</Project>