<?xml version="1.0" encoding="utf-8"?>
<Project ToolsVersion="4.0" xmlns="http://schemas.microsoft.com/developer/msbuild/2003">
  <ItemGroup>
    <ClCompile Include="src\HagymaBox.cpp" />
    <ClCompile Include="src\hagymaMain.cpp" />
    <ClCompile Include="src\GuiSystem.cpp">
      <Filter>TESZT_ASD</Filter>
    </ClCompile>
    <ClCompile Include="src\GuiImage.cpp">
      <Filter>TESZT_ASD\Controls</Filter>
    </ClCompile>
    <ClCompile Include="src\Gui.cpp">
      <Filter>TESZT_ASD</Filter>
    </ClCompile>
    <ClCompile Include="src\GuiRenderer.cpp">
      <Filter>TESZT_ASD\Rendering</Filter>
    </ClCompile>
    <ClCompile Include="src\ResourceManager.cpp">
      <Filter>TESZT_ASD\Resources</Filter>
    </ClCompile>
  </ItemGroup>
  <ItemGroup>
    <ClInclude Include="src\HagymaBox.h" />
    <ClInclude Include="src\GuiSystem.h">
      <Filter>TESZT_ASD</Filter>
    </ClInclude>
    <ClInclude Include="src\GuiImage.h">
      <Filter>TESZT_ASD\Controls</Filter>
    </ClInclude>
    <ClInclude Include="src\Gui.h">
      <Filter>TESZT_ASD</Filter>
    </ClInclude>
    <ClInclude Include="src\GuiRenderer.h">
      <Filter>TESZT_ASD\Rendering</Filter>
    </ClInclude>
    <ClInclude Include="src\ResourceManager.h">
      <Filter>TESZT_ASD\Resources</Filter>
    </ClInclude>
  </ItemGroup>
  <ItemGroup>
    <Filter Include="TESZT_ASD">
      <UniqueIdentifier>{2ea69e85-f3e2-4952-8ad8-6d744eef7eff}</UniqueIdentifier>
    </Filter>
    <Filter Include="TESZT_ASD\Controls">
      <UniqueIdentifier>{2caaccec-a2f1-4936-bd05-a0ad817f2211}</UniqueIdentifier>
    </Filter>
    <Filter Include="TESZT_ASD\Rendering">
      <UniqueIdentifier>{e098de94-ec60-4adb-9f29-51c9003892a2}</UniqueIdentifier>
    </Filter>
    <Filter Include="TESZT_ASD\Resources">
      <UniqueIdentifier>{84477102-d234-474e-9a24-0456cfe52fa1}</UniqueIdentifier>
    </Filter>
  </ItemGroup>
</Project>