<?xml version="1.0" encoding="utf-8"?>
<Project ToolsVersion="4.0" xmlns="http://schemas.microsoft.com/developer/msbuild/2003">
  <ItemGroup>
    <Filter Include="DllMain">
      <UniqueIdentifier>{259eba4a-2a90-4c6b-8289-3f36545ff374}</UniqueIdentifier>
    </Filter>
    <Filter Include="Interfaces">
      <UniqueIdentifier>{ea0300ca-fc64-41ff-aa47-c956afe6d5d0}</UniqueIdentifier>
    </Filter>
    <Filter Include="TEMPORARY">
      <UniqueIdentifier>{e9761631-e2b7-4eba-b7f5-910a5324c661}</UniqueIdentifier>
    </Filter>
  </ItemGroup>
  <ItemGroup>
    <ClCompile Include="src\DllMain.cpp">
      <Filter>DllMain</Filter>
    </ClCompile>
  </ItemGroup>
  <ItemGroup>
    <ClInclude Include="src\IRenderer.h">
      <Filter>Interfaces</Filter>
    </ClInclude>
    <ClInclude Include="src\ITexture.h">
      <Filter>Interfaces</Filter>
    </ClInclude>
    <ClInclude Include="src\TEMP\i_buffer.h">
      <Filter>TEMPORARY</Filter>
    </ClInclude>
    <ClInclude Include="src\TEMP\i_renderer.h">
      <Filter>TEMPORARY</Filter>
    </ClInclude>
    <ClInclude Include="src\TEMP\i_texture.h">
      <Filter>TEMPORARY</Filter>
    </ClInclude>
  </ItemGroup>
</Project>