<?xml version="1.0" encoding="utf-8"?>
<Project ToolsVersion="4.0" xmlns="http://schemas.microsoft.com/developer/msbuild/2003">
  <ItemGroup>
    <Filter Include="DllMain">
      <UniqueIdentifier>{9a6dec54-de8c-47d6-b89a-a8f08db756c8}</UniqueIdentifier>
    </Filter>
    <Filter Include="Geometry">
      <UniqueIdentifier>{69401ff4-5718-4298-8a85-0f5f180dac09}</UniqueIdentifier>
    </Filter>
    <Filter Include="Material">
      <UniqueIdentifier>{b3121743-3b69-4bfc-9e64-253f2c178d89}</UniqueIdentifier>
    </Filter>
    <Filter Include="InstanceGroup">
      <UniqueIdentifier>{4e27b621-13b9-4176-95f0-d1159f72e45c}</UniqueIdentifier>
    </Filter>
    <Filter Include="Managers">
      <UniqueIdentifier>{efe1b5bd-1235-46e6-9508-a4c45cc63c09}</UniqueIdentifier>
    </Filter>
    <Filter Include="Shaders">
      <UniqueIdentifier>{ddcdb1fc-4aec-4c9f-80c9-bcca7e907012}</UniqueIdentifier>
    </Filter>
  </ItemGroup>
  <ItemGroup>
    <ClCompile Include="src\GraphicsEngine.cpp" />
    <ClCompile Include="src\DllMain.cpp">
      <Filter>DllMain</Filter>
    </ClCompile>
    <ClCompile Include="src\Material.cpp">
      <Filter>Material</Filter>
    </ClCompile>
    <ClCompile Include="src\InstanceGroup.cpp">
      <Filter>InstanceGroup</Filter>
    </ClCompile>
    <ClCompile Include="src\ResourceManager.cpp">
      <Filter>Managers</Filter>
    </ClCompile>
    <ClCompile Include="src\SceneManager.cpp">
      <Filter>Managers</Filter>
    </ClCompile>
    <ClCompile Include="src\ShaderManager.cpp">
      <Filter>Managers</Filter>
    </ClCompile>
    <ClCompile Include="src\Geometry.cpp">
      <Filter>Geometry</Filter>
    </ClCompile>
    <ClCompile Include="src\ResourceReference.cpp">
      <Filter>Managers</Filter>
    </ClCompile>
    <ClCompile Include="src\DeferredRenderer.cpp" />
    <ClCompile Include="src\HDRProcessor.cpp" />
    <ClCompile Include="src\GraphicsScene.cpp" />
    <ClCompile Include="src\_GeometryBuilder.cpp">
      <Filter>Geometry</Filter>
    </ClCompile>
    <ClCompile Include="src\UserGeometry.cpp">
      <Filter>Geometry</Filter>
    </ClCompile>
  </ItemGroup>
  <ItemGroup>
    <ClInclude Include="src\GraphicsEngine.h" />
    <ClInclude Include="src\Material.h">
      <Filter>Material</Filter>
    </ClInclude>
    <ClInclude Include="src\InstanceGroup.h">
      <Filter>InstanceGroup</Filter>
    </ClInclude>
    <ClInclude Include="src\ResourceManager.h">
      <Filter>Managers</Filter>
    </ClInclude>
    <ClInclude Include="src\SceneManager.h">
      <Filter>Managers</Filter>
    </ClInclude>
    <ClInclude Include="src\ShaderManager.h">
      <Filter>Managers</Filter>
    </ClInclude>
    <ClInclude Include="src\Geometry.h">
      <Filter>Geometry</Filter>
    </ClInclude>
    <ClInclude Include="src\ResourceReference.h">
      <Filter>Managers</Filter>
    </ClInclude>
    <ClInclude Include="src\_GeometryBuilder.h">
      <Filter>Geometry</Filter>
    </ClInclude>
    <ClInclude Include="src\DeferredLightVolume.h" />
    <ClInclude Include="src\UserGeometry.h">
      <Filter>Geometry</Filter>
    </ClInclude>
  </ItemGroup>
  <ItemGroup>
    <None Include="..\TechDemo\shaders\deferred_compose.cg">
      <Filter>Shaders</Filter>
    </None>
    <None Include="..\TechDemo\shaders\deferred_gbuffer.cg">
      <Filter>Shaders</Filter>
    </None>
    <None Include="..\TechDemo\shaders\deferred_lightpass_cmn.cginc">
      <Filter>Shaders</Filter>
    </None>
    <None Include="..\TechDemo\shaders\depth_of_field.cg">
      <Filter>Shaders</Filter>
    </None>
    <None Include="..\TechDemo\shaders\hdr_blur_horiz.cg">
      <Filter>Shaders</Filter>
    </None>
    <None Include="..\TechDemo\shaders\hdr_blur_vert.cg">
      <Filter>Shaders</Filter>
    </None>
    <None Include="..\TechDemo\shaders\hdr_compose.cg">
      <Filter>Shaders</Filter>
    </None>
    <None Include="..\TechDemo\shaders\hdr_luminance_avg.cg">
      <Filter>Shaders</Filter>
    </None>
    <None Include="..\TechDemo\shaders\hdr_luminance_sample.cg">
      <Filter>Shaders</Filter>
    </None>
    <None Include="..\TechDemo\shaders\hdr_overbright_downsample.cg">
      <Filter>Shaders</Filter>
    </None>
    <None Include="..\TechDemo\shaders\motion_blur.cg">
      <Filter>Shaders</Filter>
    </None>
    <None Include="..\TechDemo\shaders\screen_copy.cg">
      <Filter>Shaders</Filter>
    </None>
    <None Include="..\TechDemo\shaders\test.cg">
      <Filter>Shaders</Filter>
    </None>
    <None Include="..\TechDemo\shaders\deferred_light_spot.cg">
      <Filter>Shaders</Filter>
    </None>
    <None Include="..\TechDemo\shaders\deferred_light_dir.cg">
      <Filter>Shaders</Filter>
    </None>
    <None Include="..\TechDemo\shaders\deferred_light_ambient.cg">
      <Filter>Shaders</Filter>
    </None>
    <None Include="..\TechDemo\shaders\LINE_RENDERER.cg">
      <Filter>Shaders</Filter>
    </None>
    <None Include="..\TechDemo\shaders\deferred_light_point.cg">
      <Filter>Shaders</Filter>
    </None>
    <None Include="..\TechDemo\shaders\sky.cg">
      <Filter>Shaders</Filter>
    </None>
    <None Include="..\TechDemo\shaders\tone_mapping.cg">
      <Filter>Shaders</Filter>
    </None>
  </ItemGroup>
</Project>