<?xml version="1.0" encoding="utf-8"?>
<Project ToolsVersion="4.0" xmlns="http://schemas.microsoft.com/developer/msbuild/2003">
  <ItemGroup>
    <ClCompile Include="src\dllmain.cpp" />
    <ClCompile Include="src\PhysicsEngineBullet.cpp" />
    <ClCompile Include="src\RigidTypeBullet.cpp">
      <Filter>Types</Filter>
    </ClCompile>
  </ItemGroup>
  <ItemGroup>
    <ClInclude Include="src\PhysicsEngineBullet.h" />
    <ClInclude Include="src\RigidTypeBullet.h">
      <Filter>Types</Filter>
    </ClInclude>
  </ItemGroup>
  <ItemGroup>
    <Filter Include="Types">
      <UniqueIdentifier>{2871e4d7-f9b1-40de-a777-f86a4ca61be3}</UniqueIdentifier>
    </Filter>
  </ItemGroup>
</Project>